
Microsoft Visual Studio Solution File, Format Version 12.00
# Visual Studio Version 17
VisualStudioVersion = 17.9.34902.65
MinimumVisualStudioVersion = 10.0.40219.1
Project("{FAE04EC0-301F-11D3-BF4B-00C04F79EFBC}") = "BandLabTestAssignment", "BandLabTestAssignment\BandLabTestAssignment.csproj", "{22933F99-8E27-45ED-BDC3-A6814B00F701}"
EndProject
Project("{FAE04EC0-301F-11D3-BF4B-00C04F79EFBC}") = "BandLabTestAssignment.Tests", "BandLabTestAssignment.Tests\BandLabTestAssignment.Tests.csproj", "{F7CCFEDB-E796-4912-86DF-2740DC0A507A}"
EndProject
Project("{FAE04EC0-301F-11D3-BF4B-00C04F79EFBC}") = "BandLabTestAssignment.Common", "BandLabTestAssignment.Common\BandLabTestAssignment.Common.csproj", "{3569FF9C-F49D-4414-ACA0-5A65CFB611BD}"
EndProject
Global
	GlobalSection(SolutionConfigurationPlatforms) = preSolution
		Debug|Any CPU = Debug|Any CPU
		Release|Any CPU = Release|Any CPU
	EndGlobalSection
	GlobalSection(ProjectConfigurationPlatforms) = postSolution
		{22933F99-8E27-45ED-BDC3-A6814B00F701}.Debug|Any CPU.ActiveCfg = Debug|Any CPU
		{22933F99-8E27-45ED-BDC3-A6814B00F701}.Debug|Any CPU.Build.0 = Debug|Any CPU
		{22933F99-8E27-45ED-BDC3-A6814B00F701}.Release|Any CPU.ActiveCfg = Release|Any CPU
		{22933F99-8E27-45ED-BDC3-A6814B00F701}.Release|Any CPU.Build.0 = Release|Any CPU
		{F7CCFEDB-E796-4912-86DF-2740DC0A507A}.Debug|Any CPU.ActiveCfg = Debug|Any CPU
		{F7CCFEDB-E796-4912-86DF-2740DC0A507A}.Debug|Any CPU.Build.0 = Debug|Any CPU
		{F7CCFEDB-E796-4912-86DF-2740DC0A507A}.Release|Any CPU.ActiveCfg = Release|Any CPU
		{F7CCFEDB-E796-4912-86DF-2740DC0A507A}.Release|Any CPU.Build.0 = Release|Any CPU
		{3569FF9C-F49D-4414-ACA0-5A65CFB611BD}.Debug|Any CPU.ActiveCfg = Debug|Any CPU
		{3569FF9C-F49D-4414-ACA0-5A65CFB611BD}.Debug|Any CPU.Build.0 = Debug|Any CPU
		{3569FF9C-F49D-4414-ACA0-5A65CFB611BD}.Release|Any CPU.ActiveCfg = Release|Any CPU
		{3569FF9C-F49D-4414-ACA0-5A65CFB611BD}.Release|Any CPU.Build.0 = Release|Any CPU
	EndGlobalSection
	GlobalSection(SolutionProperties) = preSolution
		HideSolutionNode = FALSE
	EndGlobalSection
	GlobalSection(ExtensibilityGlobals) = postSolution
		SolutionGuid = {3E6B5D99-D5C5-4CE2-AFEA-F0A252C38365}
	EndGlobalSection
EndGlobal
